
Microsoft Visual Studio Solution File, Format Version 12.00
# Visual Studio 15
Project("{FAE04EC0-301F-11D3-BF4B-00C04F79EFBC}") = "zuper_console", "zuper_console\zuper_console.csproj", "{947D668C-8049-473B-8AA1-894684846211}"
EndProject
Global
	GlobalSection(SolutionConfigurationPlatforms) = preSolution
		Debug|Any CPU = Debug|Any CPU
		Release|Any CPU = Release|Any CPU
	EndGlobalSection
	GlobalSection(ProjectConfigurationPlatforms) = postSolution
		{947D668C-8049-473B-8AA1-894684846211}.Debug|Any CPU.ActiveCfg = Debug|Any CPU
		{947D668C-8049-473B-8AA1-894684846211}.Debug|Any CPU.Build.0 = Debug|Any CPU
		{947D668C-8049-473B-8AA1-894684846211}.Release|Any CPU.ActiveCfg = Release|Any CPU
		{947D668C-8049-473B-8AA1-894684846211}.Release|Any CPU.Build.0 = Release|Any CPU
	EndGlobalSection
EndGlobal
